<?xml version="1.0" encoding="utf-8"?>
<Project ToolsVersion="4.0" xmlns="http://schemas.microsoft.com/developer/msbuild/2003">
  <ItemGroup>
    <Filter Include="源文件">
      <UniqueIdentifier>{4FC737F1-C7A5-4376-A066-2A32D752A2FF}</UniqueIdentifier>
      <Extensions>cpp;c;cc;cxx;def;odl;idl;hpj;bat;asm;asmx</Extensions>
    </Filter>
    <Filter Include="头文件">
      <UniqueIdentifier>{93995380-89BD-4b04-88EB-625FBE52EBFB}</UniqueIdentifier>
      <Extensions>h;hh;hpp;hxx;hm;inl;inc;ipp;xsd</Extensions>
    </Filter>
    <Filter Include="资源文件">
      <UniqueIdentifier>{67DA6AB6-F800-4c08-8B7A-83BB121AAD01}</UniqueIdentifier>
      <Extensions>rc;ico;cur;bmp;dlg;rc2;rct;bin;rgs;gif;jpg;jpeg;jpe;resx;tiff;tif;png;wav;mfcribbon-ms</Extensions>
    </Filter>
    <Filter Include="源文件\lexical">
      <UniqueIdentifier>{5e89afc7-1acb-4873-919d-ef1ca9797ec3}</UniqueIdentifier>
    </Filter>
    <Filter Include="源文件\gramma">
      <UniqueIdentifier>{51688c6d-d0d7-4793-b83c-52f4a729a970}</UniqueIdentifier>
    </Filter>
  </ItemGroup>
  <ItemGroup>
    <ClInclude Include="head.h">
      <Filter>头文件</Filter>
    </ClInclude>
    <ClInclude Include="stackobject.h">
      <Filter>头文件</Filter>
    </ClInclude>
  </ItemGroup>
  <ItemGroup>
    <ClCompile Include="addict_expr.cpp">
      <Filter>源文件\gramma</Filter>
    </ClCompile>
    <ClCompile Include="backup.cpp">
      <Filter>源文件\gramma</Filter>
    </ClCompile>
    <ClCompile Include="break_stat.cpp">
      <Filter>源文件\gramma</Filter>
    </ClCompile>
    <ClCompile Include="compound_stat.cpp">
      <Filter>源文件\gramma</Filter>
    </ClCompile>
    <ClCompile Include="constdeclaration_list.cpp">
      <Filter>源文件\gramma</Filter>
    </ClCompile>
    <ClCompile Include="constdeclaration_stat.cpp">
      <Filter>源文件\gramma</Filter>
    </ClCompile>
    <ClCompile Include="continue_stat.cpp">
      <Filter>源文件\gramma</Filter>
    </ClCompile>
    <ClCompile Include="dowhile_stat.cpp">
      <Filter>源文件\gramma</Filter>
    </ClCompile>
    <ClCompile Include="enter.cpp">
      <Filter>源文件\gramma</Filter>
    </ClCompile>
    <ClCompile Include="error.cpp">
      <Filter>源文件\gramma</Filter>
    </ClCompile>
    <ClCompile Include="exit_stat.cpp">
      <Filter>源文件\gramma</Filter>
    </ClCompile>
    <ClCompile Include="expression.cpp">
      <Filter>源文件\gramma</Filter>
    </ClCompile>
    <ClCompile Include="expression_stat.cpp">
      <Filter>源文件\gramma</Filter>
    </ClCompile>
    <ClCompile Include="factor.cpp">
      <Filter>源文件\gramma</Filter>
    </ClCompile>
    <ClCompile Include="for_stat.cpp">
      <Filter>源文件\gramma</Filter>
    </ClCompile>
    <ClCompile Include="gen.cpp">
      <Filter>源文件\gramma</Filter>
    </ClCompile>
    <ClCompile Include="if_stat.cpp">
      <Filter>源文件\gramma</Filter>
    </ClCompile>
    <ClCompile Include="init.cpp">
      <Filter>源文件\gramma</Filter>
    </ClCompile>
    <ClCompile Include="interpret.cpp">
      <Filter>源文件\gramma</Filter>
    </ClCompile>
    <ClCompile Include="main.cpp">
      <Filter>源文件\gramma</Filter>
    </ClCompile>
    <ClCompile Include="position.cpp">
      <Filter>源文件\gramma</Filter>
    </ClCompile>
    <ClCompile Include="read_stat.cpp">
      <Filter>源文件\gramma</Filter>
    </ClCompile>
    <ClCompile Include="repeat_stat.cpp">
      <Filter>源文件\gramma</Filter>
    </ClCompile>
    <ClCompile Include="head.cpp">
      <Filter>头文件</Filter>
    </ClCompile>
    <ClCompile Include="return_stat.cpp">
      <Filter>源文件\gramma</Filter>
    </ClCompile>
    <ClCompile Include="rollback.cpp">
      <Filter>源文件\gramma</Filter>
    </ClCompile>
    <ClCompile Include="simple_value.cpp">
      <Filter>源文件\gramma</Filter>
    </ClCompile>
    <ClCompile Include="simple_var.cpp">
      <Filter>源文件\gramma</Filter>
    </ClCompile>
    <ClCompile Include="statement.cpp">
      <Filter>源文件\gramma</Filter>
    </ClCompile>
    <ClCompile Include="statement_list.cpp">
      <Filter>源文件\gramma</Filter>
    </ClCompile>
    <ClCompile Include="switch_stat.cpp">
      <Filter>源文件\gramma</Filter>
    </ClCompile>
    <ClCompile Include="term.cpp">
      <Filter>源文件\gramma</Filter>
    </ClCompile>
    <ClCompile Include="value_expr.cpp">
      <Filter>源文件\gramma</Filter>
    </ClCompile>
    <ClCompile Include="vardeclaration_list.cpp">
      <Filter>源文件\gramma</Filter>
    </ClCompile>
    <ClCompile Include="vardeclaration_stat.cpp">
      <Filter>源文件\gramma</Filter>
    </ClCompile>
    <ClCompile Include="variable.cpp">
      <Filter>源文件\gramma</Filter>
    </ClCompile>
    <ClCompile Include="while_stat.cpp">
      <Filter>源文件\gramma</Filter>
    </ClCompile>
    <ClCompile Include="write_stat.cpp">
      <Filter>源文件\gramma</Filter>
    </ClCompile>
    <ClCompile Include="lexical.cpp">
      <Filter>源文件\lexical</Filter>
    </ClCompile>
  </ItemGroup>
</Project>